{
  "name": "assets",
  "lockfileVersion": 3,
  "requires": true,
  "packages": {
    "": {
      "dependencies": {
        "membrane_webrtc_plugin": "file:../deps/membrane_webrtc_plugin"
      }
    },
    "../deps/membrane_webrtc_plugin": {
      "version": "0.1.0",
      "license": "Apache-2.0"
    },
    "node_modules/membrane_webrtc_plugin": {
      "resolved": "../deps/membrane_webrtc_plugin",
      "link": true
    }
  }
}
